
Microsoft Visual Studio Solution File, Format Version 12.00
# Visual Studio Version 17
VisualStudioVersion = 17.12.35527.113 d17.12
MinimumVisualStudioVersion = 10.0.40219.1
Project("{FAE04EC0-301F-11D3-BF4B-00C04F79EFBC}") = "ITTPEx.API", "ITTPEx.API\ITTPEx.API.csproj", "{D8CAF39B-760F-4F0E-832F-F217EBE6F8A8}"
EndProject
Project("{FAE04EC0-301F-11D3-BF4B-00C04F79EFBC}") = "ITTPEx.Domain", "ITTPEx.Domain\ITTPEx.Domain.csproj", "{97E07E96-1B92-40A4-B896-2A990E5DC857}"
EndProject
Project("{FAE04EC0-301F-11D3-BF4B-00C04F79EFBC}") = "ITTPEx.Infrastructure", "ITTPEx.Infrastructure\ITTPEx.Infrastructure.csproj", "{2102E5C3-D081-49EB-9E3A-C1A28620B17C}"
EndProject
Project("{FAE04EC0-301F-11D3-BF4B-00C04F79EFBC}") = "ITTPEx.Application", "ITTPEx.Application\ITTPEx.Application.csproj", "{D91C2BB5-863A-426A-9CC5-19642D478F9C}"
EndProject
Global
	GlobalSection(SolutionConfigurationPlatforms) = preSolution
		Debug|Any CPU = Debug|Any CPU
		Release|Any CPU = Release|Any CPU
	EndGlobalSection
	GlobalSection(ProjectConfigurationPlatforms) = postSolution
		{D8CAF39B-760F-4F0E-832F-F217EBE6F8A8}.Debug|Any CPU.ActiveCfg = Debug|Any CPU
		{D8CAF39B-760F-4F0E-832F-F217EBE6F8A8}.Debug|Any CPU.Build.0 = Debug|Any CPU
		{D8CAF39B-760F-4F0E-832F-F217EBE6F8A8}.Release|Any CPU.ActiveCfg = Release|Any CPU
		{D8CAF39B-760F-4F0E-832F-F217EBE6F8A8}.Release|Any CPU.Build.0 = Release|Any CPU
		{97E07E96-1B92-40A4-B896-2A990E5DC857}.Debug|Any CPU.ActiveCfg = Debug|Any CPU
		{97E07E96-1B92-40A4-B896-2A990E5DC857}.Debug|Any CPU.Build.0 = Debug|Any CPU
		{97E07E96-1B92-40A4-B896-2A990E5DC857}.Release|Any CPU.ActiveCfg = Release|Any CPU
		{97E07E96-1B92-40A4-B896-2A990E5DC857}.Release|Any CPU.Build.0 = Release|Any CPU
		{2102E5C3-D081-49EB-9E3A-C1A28620B17C}.Debug|Any CPU.ActiveCfg = Debug|Any CPU
		{2102E5C3-D081-49EB-9E3A-C1A28620B17C}.Debug|Any CPU.Build.0 = Debug|Any CPU
		{2102E5C3-D081-49EB-9E3A-C1A28620B17C}.Release|Any CPU.ActiveCfg = Release|Any CPU
		{2102E5C3-D081-49EB-9E3A-C1A28620B17C}.Release|Any CPU.Build.0 = Release|Any CPU
		{D91C2BB5-863A-426A-9CC5-19642D478F9C}.Debug|Any CPU.ActiveCfg = Debug|Any CPU
		{D91C2BB5-863A-426A-9CC5-19642D478F9C}.Debug|Any CPU.Build.0 = Debug|Any CPU
		{D91C2BB5-863A-426A-9CC5-19642D478F9C}.Release|Any CPU.ActiveCfg = Release|Any CPU
		{D91C2BB5-863A-426A-9CC5-19642D478F9C}.Release|Any CPU.Build.0 = Release|Any CPU
	EndGlobalSection
	GlobalSection(SolutionProperties) = preSolution
		HideSolutionNode = FALSE
	EndGlobalSection
EndGlobal
